
Microsoft Visual Studio Solution File, Format Version 12.00
# Visual Studio 15
VisualStudioVersion = 15.0.27130.2010
MinimumVisualStudioVersion = 10.0.40219.1
Project("{FAE04EC0-301F-11D3-BF4B-00C04F79EFBC}") = "OfficePlugin", "OfficePlugin\OfficePlugin.csproj", "{7FA26BD9-13C1-4C37-9240-DA367F22CF01}"
EndProject
Project("{9A19103F-16F7-4668-BE54-9A1E7A4F7556}") = "ConsoleApp", "ConsoleApp\ConsoleApp.csproj", "{9D2DFD62-A33A-401D-9260-273D22B9BC2D}"
EndProject
Project("{FAE04EC0-301F-11D3-BF4B-00C04F79EFBC}") = "CodeWars.Test", "CodeWars.Test\CodeWars.Test.csproj", "{80B7D8D0-4417-4DCD-9F47-91CB9ABE3DB6}"
EndProject
Project("{9A19103F-16F7-4668-BE54-9A1E7A4F7556}") = "CodeWars", "CodeWars\CodeWars.csproj", "{37758463-C577-4BE6-AA9A-BA851B3FD0E1}"
EndProject
Project("{FAE04EC0-301F-11D3-BF4B-00C04F79EFBC}") = "Tester", "Tester\Tester.csproj", "{7502E7FA-962D-4530-93FA-CFD6944CF0D1}"
EndProject
Global
	GlobalSection(SolutionConfigurationPlatforms) = preSolution
		Debug|Any CPU = Debug|Any CPU
		Debug|ARM = Debug|ARM
		Debug|x64 = Debug|x64
		Debug|x86 = Debug|x86
		Release|Any CPU = Release|Any CPU
		Release|ARM = Release|ARM
		Release|x64 = Release|x64
		Release|x86 = Release|x86
	EndGlobalSection
	GlobalSection(ProjectConfigurationPlatforms) = postSolution
		{7FA26BD9-13C1-4C37-9240-DA367F22CF01}.Debug|Any CPU.ActiveCfg = Debug|Any CPU
		{7FA26BD9-13C1-4C37-9240-DA367F22CF01}.Debug|Any CPU.Build.0 = Debug|Any CPU
		{7FA26BD9-13C1-4C37-9240-DA367F22CF01}.Debug|ARM.ActiveCfg = Debug|Any CPU
		{7FA26BD9-13C1-4C37-9240-DA367F22CF01}.Debug|ARM.Build.0 = Debug|Any CPU
		{7FA26BD9-13C1-4C37-9240-DA367F22CF01}.Debug|x64.ActiveCfg = Debug|Any CPU
		{7FA26BD9-13C1-4C37-9240-DA367F22CF01}.Debug|x64.Build.0 = Debug|Any CPU
		{7FA26BD9-13C1-4C37-9240-DA367F22CF01}.Debug|x86.ActiveCfg = Debug|Any CPU
		{7FA26BD9-13C1-4C37-9240-DA367F22CF01}.Debug|x86.Build.0 = Debug|Any CPU
		{7FA26BD9-13C1-4C37-9240-DA367F22CF01}.Release|Any CPU.ActiveCfg = Release|Any CPU
		{7FA26BD9-13C1-4C37-9240-DA367F22CF01}.Release|Any CPU.Build.0 = Release|Any CPU
		{7FA26BD9-13C1-4C37-9240-DA367F22CF01}.Release|ARM.ActiveCfg = Release|Any CPU
		{7FA26BD9-13C1-4C37-9240-DA367F22CF01}.Release|ARM.Build.0 = Release|Any CPU
		{7FA26BD9-13C1-4C37-9240-DA367F22CF01}.Release|x64.ActiveCfg = Release|Any CPU
		{7FA26BD9-13C1-4C37-9240-DA367F22CF01}.Release|x64.Build.0 = Release|Any CPU
		{7FA26BD9-13C1-4C37-9240-DA367F22CF01}.Release|x86.ActiveCfg = Release|Any CPU
		{7FA26BD9-13C1-4C37-9240-DA367F22CF01}.Release|x86.Build.0 = Release|Any CPU
		{9D2DFD62-A33A-401D-9260-273D22B9BC2D}.Debug|Any CPU.ActiveCfg = Debug|Any CPU
		{9D2DFD62-A33A-401D-9260-273D22B9BC2D}.Debug|Any CPU.Build.0 = Debug|Any CPU
		{9D2DFD62-A33A-401D-9260-273D22B9BC2D}.Debug|ARM.ActiveCfg = Debug|Any CPU
		{9D2DFD62-A33A-401D-9260-273D22B9BC2D}.Debug|ARM.Build.0 = Debug|Any CPU
		{9D2DFD62-A33A-401D-9260-273D22B9BC2D}.Debug|x64.ActiveCfg = Debug|Any CPU
		{9D2DFD62-A33A-401D-9260-273D22B9BC2D}.Debug|x64.Build.0 = Debug|Any CPU
		{9D2DFD62-A33A-401D-9260-273D22B9BC2D}.Debug|x86.ActiveCfg = Debug|Any CPU
		{9D2DFD62-A33A-401D-9260-273D22B9BC2D}.Debug|x86.Build.0 = Debug|Any CPU
		{9D2DFD62-A33A-401D-9260-273D22B9BC2D}.Release|Any CPU.ActiveCfg = Release|Any CPU
		{9D2DFD62-A33A-401D-9260-273D22B9BC2D}.Release|Any CPU.Build.0 = Release|Any CPU
		{9D2DFD62-A33A-401D-9260-273D22B9BC2D}.Release|ARM.ActiveCfg = Release|Any CPU
		{9D2DFD62-A33A-401D-9260-273D22B9BC2D}.Release|ARM.Build.0 = Release|Any CPU
		{9D2DFD62-A33A-401D-9260-273D22B9BC2D}.Release|x64.ActiveCfg = Release|Any CPU
		{9D2DFD62-A33A-401D-9260-273D22B9BC2D}.Release|x64.Build.0 = Release|Any CPU
		{9D2DFD62-A33A-401D-9260-273D22B9BC2D}.Release|x86.ActiveCfg = Release|Any CPU
		{9D2DFD62-A33A-401D-9260-273D22B9BC2D}.Release|x86.Build.0 = Release|Any CPU
		{80B7D8D0-4417-4DCD-9F47-91CB9ABE3DB6}.Debug|Any CPU.ActiveCfg = Debug|Any CPU
		{80B7D8D0-4417-4DCD-9F47-91CB9ABE3DB6}.Debug|Any CPU.Build.0 = Debug|Any CPU
		{80B7D8D0-4417-4DCD-9F47-91CB9ABE3DB6}.Debug|ARM.ActiveCfg = Debug|Any CPU
		{80B7D8D0-4417-4DCD-9F47-91CB9ABE3DB6}.Debug|ARM.Build.0 = Debug|Any CPU
		{80B7D8D0-4417-4DCD-9F47-91CB9ABE3DB6}.Debug|x64.ActiveCfg = Debug|Any CPU
		{80B7D8D0-4417-4DCD-9F47-91CB9ABE3DB6}.Debug|x64.Build.0 = Debug|Any CPU
		{80B7D8D0-4417-4DCD-9F47-91CB9ABE3DB6}.Debug|x86.ActiveCfg = Debug|Any CPU
		{80B7D8D0-4417-4DCD-9F47-91CB9ABE3DB6}.Debug|x86.Build.0 = Debug|Any CPU
		{80B7D8D0-4417-4DCD-9F47-91CB9ABE3DB6}.Release|Any CPU.ActiveCfg = Release|Any CPU
		{80B7D8D0-4417-4DCD-9F47-91CB9ABE3DB6}.Release|Any CPU.Build.0 = Release|Any CPU
		{80B7D8D0-4417-4DCD-9F47-91CB9ABE3DB6}.Release|ARM.ActiveCfg = Release|Any CPU
		{80B7D8D0-4417-4DCD-9F47-91CB9ABE3DB6}.Release|ARM.Build.0 = Release|Any CPU
		{80B7D8D0-4417-4DCD-9F47-91CB9ABE3DB6}.Release|x64.ActiveCfg = Release|Any CPU
		{80B7D8D0-4417-4DCD-9F47-91CB9ABE3DB6}.Release|x64.Build.0 = Release|Any CPU
		{80B7D8D0-4417-4DCD-9F47-91CB9ABE3DB6}.Release|x86.ActiveCfg = Release|Any CPU
		{80B7D8D0-4417-4DCD-9F47-91CB9ABE3DB6}.Release|x86.Build.0 = Release|Any CPU
		{37758463-C577-4BE6-AA9A-BA851B3FD0E1}.Debug|Any CPU.ActiveCfg = Debug|Any CPU
		{37758463-C577-4BE6-AA9A-BA851B3FD0E1}.Debug|Any CPU.Build.0 = Debug|Any CPU
		{37758463-C577-4BE6-AA9A-BA851B3FD0E1}.Debug|ARM.ActiveCfg = Debug|Any CPU
		{37758463-C577-4BE6-AA9A-BA851B3FD0E1}.Debug|ARM.Build.0 = Debug|Any CPU
		{37758463-C577-4BE6-AA9A-BA851B3FD0E1}.Debug|x64.ActiveCfg = Debug|Any CPU
		{37758463-C577-4BE6-AA9A-BA851B3FD0E1}.Debug|x64.Build.0 = Debug|Any CPU
		{37758463-C577-4BE6-AA9A-BA851B3FD0E1}.Debug|x86.ActiveCfg = Debug|Any CPU
		{37758463-C577-4BE6-AA9A-BA851B3FD0E1}.Debug|x86.Build.0 = Debug|Any CPU
		{37758463-C577-4BE6-AA9A-BA851B3FD0E1}.Release|Any CPU.ActiveCfg = Release|Any CPU
		{37758463-C577-4BE6-AA9A-BA851B3FD0E1}.Release|Any CPU.Build.0 = Release|Any CPU
		{37758463-C577-4BE6-AA9A-BA851B3FD0E1}.Release|ARM.ActiveCfg = Release|Any CPU
		{37758463-C577-4BE6-AA9A-BA851B3FD0E1}.Release|ARM.Build.0 = Release|Any CPU
		{37758463-C577-4BE6-AA9A-BA851B3FD0E1}.Release|x64.ActiveCfg = Release|Any CPU
		{37758463-C577-4BE6-AA9A-BA851B3FD0E1}.Release|x64.Build.0 = Release|Any CPU
		{37758463-C577-4BE6-AA9A-BA851B3FD0E1}.Release|x86.ActiveCfg = Release|Any CPU
		{37758463-C577-4BE6-AA9A-BA851B3FD0E1}.Release|x86.Build.0 = Release|Any CPU
		{7502E7FA-962D-4530-93FA-CFD6944CF0D1}.Debug|Any CPU.ActiveCfg = Debug|Any CPU
		{7502E7FA-962D-4530-93FA-CFD6944CF0D1}.Debug|Any CPU.Build.0 = Debug|Any CPU
		{7502E7FA-962D-4530-93FA-CFD6944CF0D1}.Debug|ARM.ActiveCfg = Debug|Any CPU
		{7502E7FA-962D-4530-93FA-CFD6944CF0D1}.Debug|ARM.Build.0 = Debug|Any CPU
		{7502E7FA-962D-4530-93FA-CFD6944CF0D1}.Debug|x64.ActiveCfg = Debug|Any CPU
		{7502E7FA-962D-4530-93FA-CFD6944CF0D1}.Debug|x64.Build.0 = Debug|Any CPU
		{7502E7FA-962D-4530-93FA-CFD6944CF0D1}.Debug|x86.ActiveCfg = Debug|Any CPU
		{7502E7FA-962D-4530-93FA-CFD6944CF0D1}.Debug|x86.Build.0 = Debug|Any CPU
		{7502E7FA-962D-4530-93FA-CFD6944CF0D1}.Release|Any CPU.ActiveCfg = Release|Any CPU
		{7502E7FA-962D-4530-93FA-CFD6944CF0D1}.Release|Any CPU.Build.0 = Release|Any CPU
		{7502E7FA-962D-4530-93FA-CFD6944CF0D1}.Release|ARM.ActiveCfg = Release|Any CPU
		{7502E7FA-962D-4530-93FA-CFD6944CF0D1}.Release|ARM.Build.0 = Release|Any CPU
		{7502E7FA-962D-4530-93FA-CFD6944CF0D1}.Release|x64.ActiveCfg = Release|Any CPU
		{7502E7FA-962D-4530-93FA-CFD6944CF0D1}.Release|x64.Build.0 = Release|Any CPU
		{7502E7FA-962D-4530-93FA-CFD6944CF0D1}.Release|x86.ActiveCfg = Release|Any CPU
		{7502E7FA-962D-4530-93FA-CFD6944CF0D1}.Release|x86.Build.0 = Release|Any CPU
	EndGlobalSection
	GlobalSection(SolutionProperties) = preSolution
		HideSolutionNode = FALSE
	EndGlobalSection
	GlobalSection(ExtensibilityGlobals) = postSolution
		SolutionGuid = {3D857C23-FFF4-4638-91E1-DA47690D4FE3}
	EndGlobalSection
EndGlobal
